
Microsoft Visual Studio Solution File, Format Version 12.00
# Visual Studio 15
VisualStudioVersion = 15.0.27703.2018
MinimumVisualStudioVersion = 10.0.40219.1
Project("{FAE04EC0-301F-11D3-BF4B-00C04F79EFBC}") = "ExchangeRatePredictor", "ExchangeRatePredictor\ExchangeRatePredictor.csproj", "{AB771827-D6EB-40B4-86EE-15FDDA4E970B}"
EndProject
Project("{FAE04EC0-301F-11D3-BF4B-00C04F79EFBC}") = "ExchangeRatePredictor.Foundation", "ExchangeRatePredictor.Foundation\ExchangeRatePredictor.Foundation.csproj", "{C19CB1C1-4C61-4740-8EA1-647C45C5B4E0}"
EndProject
Global
	GlobalSection(SolutionConfigurationPlatforms) = preSolution
		Debug|Any CPU = Debug|Any CPU
		Release|Any CPU = Release|Any CPU
	EndGlobalSection
	GlobalSection(ProjectConfigurationPlatforms) = postSolution
		{AB771827-D6EB-40B4-86EE-15FDDA4E970B}.Debug|Any CPU.ActiveCfg = Debug|Any CPU
		{AB771827-D6EB-40B4-86EE-15FDDA4E970B}.Debug|Any CPU.Build.0 = Debug|Any CPU
		{AB771827-D6EB-40B4-86EE-15FDDA4E970B}.Release|Any CPU.ActiveCfg = Release|Any CPU
		{AB771827-D6EB-40B4-86EE-15FDDA4E970B}.Release|Any CPU.Build.0 = Release|Any CPU
		{C19CB1C1-4C61-4740-8EA1-647C45C5B4E0}.Debug|Any CPU.ActiveCfg = Debug|Any CPU
		{C19CB1C1-4C61-4740-8EA1-647C45C5B4E0}.Debug|Any CPU.Build.0 = Debug|Any CPU
		{C19CB1C1-4C61-4740-8EA1-647C45C5B4E0}.Release|Any CPU.ActiveCfg = Release|Any CPU
		{C19CB1C1-4C61-4740-8EA1-647C45C5B4E0}.Release|Any CPU.Build.0 = Release|Any CPU
	EndGlobalSection
	GlobalSection(SolutionProperties) = preSolution
		HideSolutionNode = FALSE
	EndGlobalSection
	GlobalSection(ExtensibilityGlobals) = postSolution
		SolutionGuid = {B7BD0A5F-6AD2-4612-BDB8-651136E4946A}
	EndGlobalSection
EndGlobal
